PODS:
  - SimpleQRCodeScanner (0.1.1)

DEPENDENCIES:
  - SimpleQRCodeScanner (from `../`)

EXTERNAL SOURCES:
  SimpleQRCodeScanner:
    :path: ../

SPEC CHECKSUMS:
  SimpleQRCodeScanner: 57ca325c117100ec49b7d78384fcc4dca9c0f663

PODFILE CHECKSUM: 924f256a4411225ffc388db2084c17d9922ad6ff

COCOAPODS: 1.4.0
